# THIS IS AN AUTOGENERATED FILE. DO NOT EDIT THIS FILE DIRECTLY.
# yarn lockfile v1


handlebars@^4.7.6:
  version "4.7.6"
  resolved "https://registry.npm.taobao.org/handlebars/download/handlebars-4.7.6.tgz#d4c05c1baf90e9945f77aa68a7a219aa4a7df74e"
  dependencies:
    minimist "^1.2.5"
    neo-async "^2.6.0"
    source-map "^0.6.1"
    wordwrap "^1.0.0"
  optionalDependencies:
    uglify-js "^3.1.4"

minimist@^1.2.5:
  version "1.2.5"
  resolved "https://registry.npm.taobao.org/minimist/download/minimist-1.2.5.tgz#67d66014b66a6a8aaa0c083c5fd58df4e4e97602"

neo-async@^2.6.0:
  version "2.6.2"
  resolved "https://registry.npm.taobao.org/neo-async/download/neo-async-2.6.2.tgz#b4aafb93e3aeb2d8174ca53cf163ab7d7308305f"

source-map@^0.6.1:
  version "0.6.1"
  resolved "https://registry.npm.taobao.org/source-map/download/source-map-0.6.1.tgz?cache=0&sync_timestamp=1589682764497&other_urls=https%3A%2F%2Fregistry.npm.taobao.org%2Fsource-map%2Fdownload%2Fsource-map-0.6.1.tgz#74722af32e9614e9c287a8d0bbde48b5e2f1a263"

uglify-js@^3.1.4:
  version "3.12.7"
  resolved "https://registry.npm.taobao.org/uglify-js/download/uglify-js-3.12.7.tgz#be4f06142a67bd91ef868b4e111dc241e151bff3"

wordwrap@^1.0.0:
  version "1.0.0"
  resolved "https://registry.npm.taobao.org/wordwrap/download/wordwrap-1.0.0.tgz#27584810891456a4171c8d0226441ade90cbcaeb"
